
Microsoft Visual Studio Solution File, Format Version 12.00
# Visual Studio Version 16
VisualStudioVersion = 16.0.33214.272
MinimumVisualStudioVersion = 10.0.40219.1
Project("{8BC9CEB8-8B4A-11D0-8D11-00A0C91BC942}") = "HFD Example", "HFD Example\HFD Example.vcxproj", "{B8B72D4E-EC15-417D-B03A-0F0624323D2B}"
EndProject
Global
	GlobalSection(SolutionConfigurationPlatforms) = preSolution
		Debug|Win32 = Debug|Win32
		Debug|x64 = Debug|x64
		Release|Win32 = Release|Win32
		Release|x64 = Release|x64
	EndGlobalSection
	GlobalSection(ProjectConfigurationPlatforms) = postSolution
		{B8B72D4E-EC15-417D-B03A-0F0624323D2B}.Debug|Win32.ActiveCfg = Debug|Win32
		{B8B72D4E-EC15-417D-B03A-0F0624323D2B}.Debug|Win32.Build.0 = Debug|Win32
		{B8B72D4E-EC15-417D-B03A-0F0624323D2B}.Debug|x64.ActiveCfg = Debug|x64
		{B8B72D4E-EC15-417D-B03A-0F0624323D2B}.Debug|x64.Build.0 = Debug|x64
		{B8B72D4E-EC15-417D-B03A-0F0624323D2B}.Release|Win32.ActiveCfg = Release|Win32
		{B8B72D4E-EC15-417D-B03A-0F0624323D2B}.Release|Win32.Build.0 = Release|Win32
		{B8B72D4E-EC15-417D-B03A-0F0624323D2B}.Release|x64.ActiveCfg = Release|x64
		{B8B72D4E-EC15-417D-B03A-0F0624323D2B}.Release|x64.Build.0 = Release|x64
	EndGlobalSection
	GlobalSection(SolutionProperties) = preSolution
		HideSolutionNode = FALSE
	EndGlobalSection
	GlobalSection(ExtensibilityGlobals) = postSolution
		SolutionGuid = {8E57B440-6948-4575-BBFA-397B130C35C0}
	EndGlobalSection
EndGlobal
